
Microsoft Visual Studio Solution File, Format Version 12.00
# Visual Studio Version 17
VisualStudioVersion = 17.3.32922.545
MinimumVisualStudioVersion = 10.0.40219.1
Project("{9A19103F-16F7-4668-BE54-9A1E7A4F7556}") = "FEML", "FEML\FEML.csproj", "{076B7BBF-A05C-40AD-BBD1-2A36E2ED3EBC}"
EndProject
Project("{9A19103F-16F7-4668-BE54-9A1E7A4F7556}") = "FEMLTesting", "FEMLTesting\FEMLTesting.csproj", "{6A070BEF-DF20-435F-B147-96BD7D838F31}"
EndProject
Project("{FAE04EC0-301F-11D3-BF4B-00C04F79EFBC}") = "FEMLUnitTesting", "FEMLUnitTesting\FEMLUnitTesting.csproj", "{98502C69-467F-458A-BA9A-A0FA725A4335}"
EndProject
Global
	GlobalSection(SolutionConfigurationPlatforms) = preSolution
		Debug|Any CPU = Debug|Any CPU
		Release|Any CPU = Release|Any CPU
	EndGlobalSection
	GlobalSection(ProjectConfigurationPlatforms) = postSolution
		{076B7BBF-A05C-40AD-BBD1-2A36E2ED3EBC}.Debug|Any CPU.ActiveCfg = Debug|Any CPU
		{076B7BBF-A05C-40AD-BBD1-2A36E2ED3EBC}.Debug|Any CPU.Build.0 = Debug|Any CPU
		{076B7BBF-A05C-40AD-BBD1-2A36E2ED3EBC}.Release|Any CPU.ActiveCfg = Release|Any CPU
		{076B7BBF-A05C-40AD-BBD1-2A36E2ED3EBC}.Release|Any CPU.Build.0 = Release|Any CPU
		{6A070BEF-DF20-435F-B147-96BD7D838F31}.Debug|Any CPU.ActiveCfg = Debug|Any CPU
		{6A070BEF-DF20-435F-B147-96BD7D838F31}.Debug|Any CPU.Build.0 = Debug|Any CPU
		{6A070BEF-DF20-435F-B147-96BD7D838F31}.Release|Any CPU.ActiveCfg = Release|Any CPU
		{6A070BEF-DF20-435F-B147-96BD7D838F31}.Release|Any CPU.Build.0 = Release|Any CPU
		{98502C69-467F-458A-BA9A-A0FA725A4335}.Debug|Any CPU.ActiveCfg = Debug|Any CPU
		{98502C69-467F-458A-BA9A-A0FA725A4335}.Debug|Any CPU.Build.0 = Debug|Any CPU
		{98502C69-467F-458A-BA9A-A0FA725A4335}.Release|Any CPU.ActiveCfg = Release|Any CPU
		{98502C69-467F-458A-BA9A-A0FA725A4335}.Release|Any CPU.Build.0 = Release|Any CPU
	EndGlobalSection
	GlobalSection(SolutionProperties) = preSolution
		HideSolutionNode = FALSE
	EndGlobalSection
	GlobalSection(ExtensibilityGlobals) = postSolution
		SolutionGuid = {7A5C035A-215E-4D58-A365-340D58F03AF3}
	EndGlobalSection
EndGlobal
